{
  "name": "windicss-plugin-font-size",
  "version": "1.0.0",
  "lockfileVersion": 1,
  "requires": true,
  "dependencies": {
    "windicss": {
      "version": "3.1.8",
      "resolved": "https://registry.npmjs.org/windicss/-/windicss-3.1.8.tgz",
      "integrity": "sha512-G1UfnnSZ3s4MZnqqIL8DOQbL8rBArQKlodlby8OvP333TPaRouamuIuYyCt5kSNEJzFrkx168TSRIkqhDs9bOA=="
    }
  }
}
